<?xml version="1.0" encoding="UTF-8" standalone="yes" ?>
<CodeBlocks_project_file>
   <FileVersion major="1" minor="6" />
   <Project>
      <Option title="Project" />
      <Option makefile_is_custom="1" />
      <Option compiler="gcc" />
      <Option virtualFolders="CMake Files\;CMake Files\..\;CMake Files\..\..\;CMake Files\..\..\..\;CMake Files\..\..\..\..\;CMake Files\..\..\..\..\..\;CMake Files\..\..\..\..\..\usr\;CMake Files\..\..\..\..\..\usr\share\;CMake Files\..\..\..\..\..\usr\share\cmake-2.8\;CMake Files\..\..\..\..\..\usr\share\cmake-2.8\Modules\;CMake Files\..\..\..\..\..\usr\share\cmake-2.8\Modules\Platform\;CMake Files\..\..\..\..\..\usr\share\cmake-2.8\Modules\Compiler\;" />
      <Build>
      <Target title="all">
         <Option working_dir="/home/mariya/Projects/knitter/playground" />
         <Option type="4" />
         <MakeCommands>
            <Build command="/usr/bin/make -f &quot;/home/mariya/Projects/knitter/playground/Makefile&quot; all" />
            <CompileFile command="/usr/bin/make -f &quot;/home/mariya/Projects/knitter/playground/Makefile&quot; &quot;$file&quot;" />
            <Clean command="/usr/bin/make -f &quot;/home/mariya/Projects/knitter/playground/Makefile&quot; clean" />
            <DistClean command="/usr/bin/make -f &quot;/home/mariya/Projects/knitter/playground/Makefile&quot; clean" />
         </MakeCommands>
      </Target>
      <Target title="knitter">
         <Option output="/home/mariya/Projects/knitter/playground/knitter" prefix_auto="0" extension_auto="0" />
         <Option working_dir="" />
         <Option object_output="./" />
         <Option type="1" />
         <Option compiler="gcc" />
         <Compiler>
            <Add directory="/usr/local/lib/wx/include/gtk2-unicode-2.9" />
            <Add directory="/usr/local/include/wx-2.9" />
         </Compiler>
         <MakeCommands>
            <Build command="/usr/bin/make -f &quot;/home/mariya/Projects/knitter/playground/Makefile&quot; knitter" />
            <CompileFile command="/usr/bin/make -f &quot;/home/mariya/Projects/knitter/playground/Makefile&quot; &quot;$file&quot;" />
            <Clean command="/usr/bin/make -f &quot;/home/mariya/Projects/knitter/playground/Makefile&quot; clean" />
            <DistClean command="/usr/bin/make -f &quot;/home/mariya/Projects/knitter/playground/Makefile&quot; clean" />
         </MakeCommands>
      </Target>
      <Target title="knitter/fast">
         <Option output="/home/mariya/Projects/knitter/playground/knitter" prefix_auto="0" extension_auto="0" />
         <Option working_dir="" />
         <Option object_output="./" />
         <Option type="1" />
         <Option compiler="gcc" />
         <Compiler>
            <Add directory="/usr/local/lib/wx/include/gtk2-unicode-2.9" />
            <Add directory="/usr/local/include/wx-2.9" />
         </Compiler>
         <MakeCommands>
            <Build command="/usr/bin/make -f &quot;/home/mariya/Projects/knitter/playground/Makefile&quot; knitter/fast" />
            <CompileFile command="/usr/bin/make -f &quot;/home/mariya/Projects/knitter/playground/Makefile&quot; &quot;$file&quot;" />
            <Clean command="/usr/bin/make -f &quot;/home/mariya/Projects/knitter/playground/Makefile&quot; clean" />
            <DistClean command="/usr/bin/make -f &quot;/home/mariya/Projects/knitter/playground/Makefile&quot; clean" />
         </MakeCommands>
      </Target>
      <Target title="rebuild_cache">
         <Option working_dir="/home/mariya/Projects/knitter/playground" />
         <Option type="4" />
         <MakeCommands>
            <Build command="/usr/bin/make -f &quot;/home/mariya/Projects/knitter/playground/Makefile&quot; rebuild_cache" />
            <CompileFile command="/usr/bin/make -f &quot;/home/mariya/Projects/knitter/playground/Makefile&quot; &quot;$file&quot;" />
            <Clean command="/usr/bin/make -f &quot;/home/mariya/Projects/knitter/playground/Makefile&quot; clean" />
            <DistClean command="/usr/bin/make -f &quot;/home/mariya/Projects/knitter/playground/Makefile&quot; clean" />
         </MakeCommands>
      </Target>
      </Build>
      <Unit filename="/home/mariya/Projects/knitter/playground/calculator.cpp">
      </Unit>
      <Unit filename="/home/mariya/Projects/knitter/playground/knitter.cpp">
      </Unit>
      <Unit filename="/home/mariya/Projects/knitter/playground/pattern.cpp">
      </Unit>
      <Unit filename="/home/mariya/Projects/knitter/playground/test_gl_canvas.cpp">
      </Unit>
      <Unit filename="/home/mariya/Projects/knitter/playground/calculator.hpp">
      </Unit>
      <Unit filename="/home/mariya/Projects/knitter/playground/knitter.hpp">
      </Unit>
      <Unit filename="/home/mariya/Projects/knitter/playground/pattern.hpp">
      </Unit>
      <Unit filename="/home/mariya/Projects/knitter/playground/test_gl_canvas.hpp">
      </Unit>
      <Unit filename="/home/mariya/Projects/knitter/playground/CMakeLists.txt">
          <Option virtualFolder="CMake Files\" />
      </Unit>
      <Unit filename="/home/mariya/Projects/knitter/playground/../../../../../usr/share/cmake-2.8/Modules/CMakeUnixFindMake.cmake">
          <Option virtualFolder="CMake Files\..\..\..\..\..\usr\share\cmake-2.8\Modules\" />
      </Unit>
      <Unit filename="/home/mariya/Projects/knitter/playground/../../../../../usr/share/cmake-2.8/Modules/CMakeDetermineSystem.cmake">
          <Option virtualFolder="CMake Files\..\..\..\..\..\usr\share\cmake-2.8\Modules\" />
      </Unit>
      <Unit filename="/home/mariya/Projects/knitter/playground/../../../../../usr/share/cmake-2.8/Modules/CMakeSystem.cmake.in">
          <Option virtualFolder="CMake Files\..\..\..\..\..\usr\share\cmake-2.8\Modules\" />
      </Unit>
      <Unit filename="/home/mariya/Projects/knitter/playground/../../../../../usr/share/cmake-2.8/Modules/CMakeDetermineCCompiler.cmake">
          <Option virtualFolder="CMake Files\..\..\..\..\..\usr\share\cmake-2.8\Modules\" />
      </Unit>
      <Unit filename="/home/mariya/Projects/knitter/playground/../../../../../usr/share/cmake-2.8/Modules/CMakeDetermineCompilerId.cmake">
          <Option virtualFolder="CMake Files\..\..\..\..\..\usr\share\cmake-2.8\Modules\" />
      </Unit>
      <Unit filename="/home/mariya/Projects/knitter/playground/../../../../../usr/share/cmake-2.8/Modules/CMakeFindBinUtils.cmake">
          <Option virtualFolder="CMake Files\..\..\..\..\..\usr\share\cmake-2.8\Modules\" />
      </Unit>
      <Unit filename="/home/mariya/Projects/knitter/playground/../../../../../usr/share/cmake-2.8/Modules/CMakeCCompiler.cmake.in">
          <Option virtualFolder="CMake Files\..\..\..\..\..\usr\share\cmake-2.8\Modules\" />
      </Unit>
      <Unit filename="/home/mariya/Projects/knitter/playground/../../../../../usr/share/cmake-2.8/Modules/CMakeDetermineCXXCompiler.cmake">
          <Option virtualFolder="CMake Files\..\..\..\..\..\usr\share\cmake-2.8\Modules\" />
      </Unit>
      <Unit filename="/home/mariya/Projects/knitter/playground/../../../../../usr/share/cmake-2.8/Modules/CMakeDetermineCompilerId.cmake">
          <Option virtualFolder="CMake Files\..\..\..\..\..\usr\share\cmake-2.8\Modules\" />
      </Unit>
      <Unit filename="/home/mariya/Projects/knitter/playground/../../../../../usr/share/cmake-2.8/Modules/CMakeFindBinUtils.cmake">
          <Option virtualFolder="CMake Files\..\..\..\..\..\usr\share\cmake-2.8\Modules\" />
      </Unit>
      <Unit filename="/home/mariya/Projects/knitter/playground/../../../../../usr/share/cmake-2.8/Modules/CMakeCXXCompiler.cmake.in">
          <Option virtualFolder="CMake Files\..\..\..\..\..\usr\share\cmake-2.8\Modules\" />
      </Unit>
      <Unit filename="/home/mariya/Projects/knitter/playground/../../../../../usr/share/cmake-2.8/Modules/CMakeSystemSpecificInformation.cmake">
          <Option virtualFolder="CMake Files\..\..\..\..\..\usr\share\cmake-2.8\Modules\" />
      </Unit>
      <Unit filename="/home/mariya/Projects/knitter/playground/../../../../../usr/share/cmake-2.8/Modules/CMakeGenericSystem.cmake">
          <Option virtualFolder="CMake Files\..\..\..\..\..\usr\share\cmake-2.8\Modules\" />
      </Unit>
      <Unit filename="/home/mariya/Projects/knitter/playground/../../../../../usr/share/cmake-2.8/Modules/CMakeFindCodeBlocks.cmake">
          <Option virtualFolder="CMake Files\..\..\..\..\..\usr\share\cmake-2.8\Modules\" />
      </Unit>
      <Unit filename="/home/mariya/Projects/knitter/playground/../../../../../usr/share/cmake-2.8/Modules/CMakeCInformation.cmake">
          <Option virtualFolder="CMake Files\..\..\..\..\..\usr\share\cmake-2.8\Modules\" />
      </Unit>
      <Unit filename="/home/mariya/Projects/knitter/playground/../../../../../usr/share/cmake-2.8/Modules/CMakeCommonLanguageInclude.cmake">
          <Option virtualFolder="CMake Files\..\..\..\..\..\usr\share\cmake-2.8\Modules\" />
      </Unit>
      <Unit filename="/home/mariya/Projects/knitter/playground/../../../../../usr/share/cmake-2.8/Modules/CMakeTestCCompiler.cmake">
          <Option virtualFolder="CMake Files\..\..\..\..\..\usr\share\cmake-2.8\Modules\" />
      </Unit>
      <Unit filename="/home/mariya/Projects/knitter/playground/../../../../../usr/share/cmake-2.8/Modules/CMakeTestCompilerCommon.cmake">
          <Option virtualFolder="CMake Files\..\..\..\..\..\usr\share\cmake-2.8\Modules\" />
      </Unit>
      <Unit filename="/home/mariya/Projects/knitter/playground/../../../../../usr/share/cmake-2.8/Modules/CMakeDetermineCompilerABI.cmake">
          <Option virtualFolder="CMake Files\..\..\..\..\..\usr\share\cmake-2.8\Modules\" />
      </Unit>
      <Unit filename="/home/mariya/Projects/knitter/playground/../../../../../usr/share/cmake-2.8/Modules/CMakeParseImplicitLinkInfo.cmake">
          <Option virtualFolder="CMake Files\..\..\..\..\..\usr\share\cmake-2.8\Modules\" />
      </Unit>
      <Unit filename="/home/mariya/Projects/knitter/playground/../../../../../usr/share/cmake-2.8/Modules/CMakeCCompilerABI.c">
          <Option virtualFolder="CMake Files\..\..\..\..\..\usr\share\cmake-2.8\Modules\" />
      </Unit>
      <Unit filename="/home/mariya/Projects/knitter/playground/../../../../../usr/share/cmake-2.8/Modules/CMakeCCompiler.cmake.in">
          <Option virtualFolder="CMake Files\..\..\..\..\..\usr\share\cmake-2.8\Modules\" />
      </Unit>
      <Unit filename="/home/mariya/Projects/knitter/playground/../../../../../usr/share/cmake-2.8/Modules/CMakeCXXInformation.cmake">
          <Option virtualFolder="CMake Files\..\..\..\..\..\usr\share\cmake-2.8\Modules\" />
      </Unit>
      <Unit filename="/home/mariya/Projects/knitter/playground/../../../../../usr/share/cmake-2.8/Modules/CMakeCommonLanguageInclude.cmake">
          <Option virtualFolder="CMake Files\..\..\..\..\..\usr\share\cmake-2.8\Modules\" />
      </Unit>
      <Unit filename="/home/mariya/Projects/knitter/playground/../../../../../usr/share/cmake-2.8/Modules/CMakeTestCXXCompiler.cmake">
          <Option virtualFolder="CMake Files\..\..\..\..\..\usr\share\cmake-2.8\Modules\" />
      </Unit>
      <Unit filename="/home/mariya/Projects/knitter/playground/../../../../../usr/share/cmake-2.8/Modules/CMakeTestCompilerCommon.cmake">
          <Option virtualFolder="CMake Files\..\..\..\..\..\usr\share\cmake-2.8\Modules\" />
      </Unit>
      <Unit filename="/home/mariya/Projects/knitter/playground/../../../../../usr/share/cmake-2.8/Modules/CMakeDetermineCompilerABI.cmake">
          <Option virtualFolder="CMake Files\..\..\..\..\..\usr\share\cmake-2.8\Modules\" />
      </Unit>
      <Unit filename="/home/mariya/Projects/knitter/playground/../../../../../usr/share/cmake-2.8/Modules/CMakeParseImplicitLinkInfo.cmake">
          <Option virtualFolder="CMake Files\..\..\..\..\..\usr\share\cmake-2.8\Modules\" />
      </Unit>
      <Unit filename="/home/mariya/Projects/knitter/playground/../../../../../usr/share/cmake-2.8/Modules/CMakeCXXCompilerABI.cpp">
          <Option virtualFolder="CMake Files\..\..\..\..\..\usr\share\cmake-2.8\Modules\" />
      </Unit>
      <Unit filename="/home/mariya/Projects/knitter/playground/../../../../../usr/share/cmake-2.8/Modules/CMakeCXXCompiler.cmake.in">
          <Option virtualFolder="CMake Files\..\..\..\..\..\usr\share\cmake-2.8\Modules\" />
      </Unit>
      <Unit filename="/home/mariya/Projects/knitter/playground/../../../../../usr/share/cmake-2.8/Modules/FindwxWidgets.cmake">
          <Option virtualFolder="CMake Files\..\..\..\..\..\usr\share\cmake-2.8\Modules\" />
      </Unit>
      <Unit filename="/home/mariya/Projects/knitter/playground/../../../../../usr/share/cmake-2.8/Modules/FindPackageHandleStandardArgs.cmake">
          <Option virtualFolder="CMake Files\..\..\..\..\..\usr\share\cmake-2.8\Modules\" />
      </Unit>
      <Unit filename="/home/mariya/Projects/knitter/playground/../../../../../usr/share/cmake-2.8/Modules/FindPackageMessage.cmake">
          <Option virtualFolder="CMake Files\..\..\..\..\..\usr\share\cmake-2.8\Modules\" />
      </Unit>
      <Unit filename="/home/mariya/Projects/knitter/playground/../../../../../usr/share/cmake-2.8/Modules/CMakeParseArguments.cmake">
          <Option virtualFolder="CMake Files\..\..\..\..\..\usr\share\cmake-2.8\Modules\" />
      </Unit>
      <Unit filename="/home/mariya/Projects/knitter/playground/../../../../../usr/share/cmake-2.8/Modules/UsewxWidgets.cmake">
          <Option virtualFolder="CMake Files\..\..\..\..\..\usr\share\cmake-2.8\Modules\" />
      </Unit>
      <Unit filename="/home/mariya/Projects/knitter/playground/../../../../../usr/share/cmake-2.8/Modules/Platform/Linux.cmake">
          <Option virtualFolder="CMake Files\..\..\..\..\..\usr\share\cmake-2.8\Modules\Platform\" />
      </Unit>
      <Unit filename="/home/mariya/Projects/knitter/playground/../../../../../usr/share/cmake-2.8/Modules/Platform/UnixPaths.cmake">
          <Option virtualFolder="CMake Files\..\..\..\..\..\usr\share\cmake-2.8\Modules\Platform\" />
      </Unit>
      <Unit filename="/home/mariya/Projects/knitter/playground/../../../../../usr/share/cmake-2.8/Modules/Platform/Linux-GNU-C.cmake">
          <Option virtualFolder="CMake Files\..\..\..\..\..\usr\share\cmake-2.8\Modules\Platform\" />
      </Unit>
      <Unit filename="/home/mariya/Projects/knitter/playground/../../../../../usr/share/cmake-2.8/Modules/Platform/Linux-GNU.cmake">
          <Option virtualFolder="CMake Files\..\..\..\..\..\usr\share\cmake-2.8\Modules\Platform\" />
      </Unit>
      <Unit filename="/home/mariya/Projects/knitter/playground/../../../../../usr/share/cmake-2.8/Modules/Platform/Linux-GNU-CXX.cmake">
          <Option virtualFolder="CMake Files\..\..\..\..\..\usr\share\cmake-2.8\Modules\Platform\" />
      </Unit>
      <Unit filename="/home/mariya/Projects/knitter/playground/../../../../../usr/share/cmake-2.8/Modules/Platform/Linux-GNU.cmake">
          <Option virtualFolder="CMake Files\..\..\..\..\..\usr\share\cmake-2.8\Modules\Platform\" />
      </Unit>
      <Unit filename="/home/mariya/Projects/knitter/playground/../../../../../usr/share/cmake-2.8/Modules/Compiler/GNU-C.cmake">
          <Option virtualFolder="CMake Files\..\..\..\..\..\usr\share\cmake-2.8\Modules\Compiler\" />
      </Unit>
      <Unit filename="/home/mariya/Projects/knitter/playground/../../../../../usr/share/cmake-2.8/Modules/Compiler/GNU.cmake">
          <Option virtualFolder="CMake Files\..\..\..\..\..\usr\share\cmake-2.8\Modules\Compiler\" />
      </Unit>
      <Unit filename="/home/mariya/Projects/knitter/playground/../../../../../usr/share/cmake-2.8/Modules/Compiler/GNU-CXX.cmake">
          <Option virtualFolder="CMake Files\..\..\..\..\..\usr\share\cmake-2.8\Modules\Compiler\" />
      </Unit>
      <Unit filename="/home/mariya/Projects/knitter/playground/../../../../../usr/share/cmake-2.8/Modules/Compiler/GNU.cmake">
          <Option virtualFolder="CMake Files\..\..\..\..\..\usr\share\cmake-2.8\Modules\Compiler\" />
      </Unit>
   </Project>
</CodeBlocks_project_file>
